
Microsoft Visual Studio Solution File, Format Version 12.00
# Visual Studio 2012
Project("{FAE04EC0-301F-11D3-BF4B-00C04F79EFBC}") = "Tri", "Tri\Tri.csproj", "{3DEB5068-5DCB-4C06-86B3-AF2BA00F353F}"
EndProject
Project("{FAE04EC0-301F-11D3-BF4B-00C04F79EFBC}") = "UnitTestTri", "UnitTestTri\UnitTestTri.csproj", "{8F2AAE01-8C42-41B1-97E3-A3D3B15EDBBD}"
EndProject
Global
	GlobalSection(SolutionConfigurationPlatforms) = preSolution
		Debug|Any CPU = Debug|Any CPU
		Release|Any CPU = Release|Any CPU
	EndGlobalSection
	GlobalSection(ProjectConfigurationPlatforms) = postSolution
		{3DEB5068-5DCB-4C06-86B3-AF2BA00F353F}.Debug|Any CPU.ActiveCfg = Debug|Any CPU
		{3DEB5068-5DCB-4C06-86B3-AF2BA00F353F}.Debug|Any CPU.Build.0 = Debug|Any CPU
		{3DEB5068-5DCB-4C06-86B3-AF2BA00F353F}.Release|Any CPU.ActiveCfg = Release|Any CPU
		{3DEB5068-5DCB-4C06-86B3-AF2BA00F353F}.Release|Any CPU.Build.0 = Release|Any CPU
		{8F2AAE01-8C42-41B1-97E3-A3D3B15EDBBD}.Debug|Any CPU.ActiveCfg = Debug|Any CPU
		{8F2AAE01-8C42-41B1-97E3-A3D3B15EDBBD}.Debug|Any CPU.Build.0 = Debug|Any CPU
		{8F2AAE01-8C42-41B1-97E3-A3D3B15EDBBD}.Release|Any CPU.ActiveCfg = Release|Any CPU
		{8F2AAE01-8C42-41B1-97E3-A3D3B15EDBBD}.Release|Any CPU.Build.0 = Release|Any CPU
	EndGlobalSection
	GlobalSection(SolutionProperties) = preSolution
		HideSolutionNode = FALSE
	EndGlobalSection
EndGlobal
